{
  "name": "projectefinal-jeac-s",
  "lockfileVersion": 2,
  "requires": true,
  "packages": {
    "": {
      "dependencies": {
        "dotenv": "^16.0.3",
        "react": "^18.2.0",
        "react-intl": "^6.4.1"
      }
    },
    "node_modules/@formatjs/ecma402-abstract": {
      "version": "1.14.3",
      "resolved": "https://registry.npmjs.org/@formatjs/ecma402-abstract/-/ecma402-abstract-1.14.3.tgz",
      "integrity": "sha512-SlsbRC/RX+/zg4AApWIFNDdkLtFbkq3LNoZWXZCE/nHVKqoIJyaoQyge/I0Y38vLxowUn9KTtXgusLD91+orbg==",
      "dependencies": {
        "@formatjs/intl-localematcher": "0.2.32",
        "tslib": "^2.4.0"
      }
    },
    "node_modules/@formatjs/ecma402-abstract/node_modules/@formatjs/intl-localematcher": {
      "version": "0.2.32",
      "resolved": "https://registry.npmjs.org/@formatjs/intl-localematcher/-/intl-localematcher-0.2.32.tgz",
      "integrity": "sha512-k/MEBstff4sttohyEpXxCmC3MqbUn9VvHGlZ8fauLzkbwXmVrEeyzS+4uhrvAk9DWU9/7otYWxyDox4nT/KVLQ==",
      "dependencies": {
        "tslib": "^2.4.0"
      }
    },
    "node_modules/@formatjs/icu-messageformat-parser": {
      "version": "2.3.1",
      "resolved": "https://registry.npmjs.org/@formatjs/icu-messageformat-parser/-/icu-messageformat-parser-2.3.1.tgz",
      "integrity": "sha512-knF2AkAKN4Upv4oIiKY4Wd/dLH68TNMPgV/tJMu/T6FP9aQwbv8fpj7U3lkyniPaNVxvia56Gxax8MKOjtxLSQ==",
      "dependencies": {
        "@formatjs/ecma402-abstract": "1.14.3",
        "@formatjs/icu-skeleton-parser": "1.3.18",
        "tslib": "^2.4.0"
      }
    },
    "node_modules/@formatjs/icu-messageformat-parser/node_modules/@formatjs/icu-skeleton-parser": {
      "version": "1.3.18",
      "resolved": "https://registry.npmjs.org/@formatjs/icu-skeleton-parser/-/icu-skeleton-parser-1.3.18.tgz",
      "integrity": "sha512-ND1ZkZfmLPcHjAH1sVpkpQxA+QYfOX3py3SjKWMUVGDow18gZ0WPqz3F+pJLYQMpS2LnnQ5zYR2jPVYTbRwMpg==",
      "dependencies": {
        "@formatjs/ecma402-abstract": "1.14.3",
        "tslib": "^2.4.0"
      }
    },
    "node_modules/@formatjs/intl": {
      "version": "2.7.1",
      "resolved": "https://registry.npmjs.org/@formatjs/intl/-/intl-2.7.1.tgz",
      "integrity": "sha512-se6vxidsN3PCmzqTsDd3YDT4IX9ZySPy39LYhF7x2ssNvlGMOuW3umkrIhKkXB7ZskqsJGY53LVCdiHsSwhGng==",
      "dependencies": {
        "@formatjs/ecma402-abstract": "1.14.3",
        "@formatjs/fast-memoize": "2.0.1",
        "@formatjs/icu-messageformat-parser": "2.3.1",
        "@formatjs/intl-displaynames": "6.3.1",
        "@formatjs/intl-listformat": "7.2.1",
        "intl-messageformat": "10.3.4",
        "tslib": "^2.4.0"
      },
      "peerDependencies": {
        "typescript": "^4.7 || 5"
      },
      "peerDependenciesMeta": {
        "typescript": {
          "optional": true
        }
      }
    },
    "node_modules/@formatjs/intl-displaynames": {
      "version": "6.3.1",
      "resolved": "https://registry.npmjs.org/@formatjs/intl-displaynames/-/intl-displaynames-6.3.1.tgz",
      "integrity": "sha512-TlxguMDUbnFrJ4NA8fSyqXC62M7czvlRJ5mrJgtB91JVA+QPjjNdcRm1qPIC/DcU/pGUDcEzThn/x5A+jp15gg==",
      "dependencies": {
        "@formatjs/ecma402-abstract": "1.14.3",
        "@formatjs/intl-localematcher": "0.2.32",
        "tslib": "^2.4.0"
      }
    },
    "node_modules/@formatjs/intl-displaynames/node_modules/@formatjs/intl-localematcher": {
      "version": "0.2.32",
      "resolved": "https://registry.npmjs.org/@formatjs/intl-localematcher/-/intl-localematcher-0.2.32.tgz",
      "integrity": "sha512-k/MEBstff4sttohyEpXxCmC3MqbUn9VvHGlZ8fauLzkbwXmVrEeyzS+4uhrvAk9DWU9/7otYWxyDox4nT/KVLQ==",
      "dependencies": {
        "tslib": "^2.4.0"
      }
    },
    "node_modules/@formatjs/intl-listformat": {
      "version": "7.2.1",
      "resolved": "https://registry.npmjs.org/@formatjs/intl-listformat/-/intl-listformat-7.2.1.tgz",
      "integrity": "sha512-fRJFWLrGa7d25I4JSxNjKX29oXGcIXx8fJjgURnvs2C3ijS4gurUgFrUwLbv/2KfPfyJ5g567pz2INelNJZBdw==",
      "dependencies": {
        "@formatjs/ecma402-abstract": "1.14.3",
        "@formatjs/intl-localematcher": "0.2.32",
        "tslib": "^2.4.0"
      }
    },
    "node_modules/@formatjs/intl-listformat/node_modules/@formatjs/intl-localematcher": {
      "version": "0.2.32",
      "resolved": "https://registry.npmjs.org/@formatjs/intl-localematcher/-/intl-localematcher-0.2.32.tgz",
      "integrity": "sha512-k/MEBstff4sttohyEpXxCmC3MqbUn9VvHGlZ8fauLzkbwXmVrEeyzS+4uhrvAk9DWU9/7otYWxyDox4nT/KVLQ==",
      "dependencies": {
        "tslib": "^2.4.0"
      }
    },
    "node_modules/@formatjs/intl/node_modules/@formatjs/fast-memoize": {
      "version": "2.0.1",
      "resolved": "https://registry.npmjs.org/@formatjs/fast-memoize/-/fast-memoize-2.0.1.tgz",
      "integrity": "sha512-M2GgV+qJn5WJQAYewz7q2Cdl6fobQa69S1AzSM2y0P68ZDbK5cWrJIcPCO395Of1ksftGZoOt4LYCO/j9BKBSA==",
      "dependencies": {
        "tslib": "^2.4.0"
      }
    },
    "node_modules/@types/hoist-non-react-statics": {
      "version": "3.3.1",
      "resolved": "https://registry.npmjs.org/@types/hoist-non-react-statics/-/hoist-non-react-statics-3.3.1.tgz",
      "integrity": "sha512-iMIqiko6ooLrTh1joXodJK5X9xeEALT1kM5G3ZLhD3hszxBdIEd5C75U834D9mLcINgD4OyZf5uQXjkuYydWvA==",
      "dependencies": {
        "@types/react": "*",
        "hoist-non-react-statics": "^3.3.0"
      }
    },
    "node_modules/@types/prop-types": {},
    "node_modules/@types/react": {
      "version": "18.0.38",
      "resolved": "https://registry.npmjs.org/@types/react/-/react-18.0.38.tgz",
      "integrity": "sha512-ExsidLLSzYj4cvaQjGnQCk4HFfVT9+EZ9XZsQ8Hsrcn8QNgXtpZ3m9vSIC2MWtx7jHictK6wYhQgGh6ic58oOw==",
      "dependencies": {
        "@types/prop-types": "*",
        "@types/scheduler": "*",
        "csstype": "^3.0.2"
      }
    },
    "node_modules/@types/react/node_modules/csstype": {
      "version": "3.1.2",
      "resolved": "https://registry.npmjs.org/csstype/-/csstype-3.1.2.tgz",
      "integrity": "sha512-I7K1Uu0MBPzaFKg4nI5Q7Vs2t+3gWWW648spaF+Rg7pI9ds18Ugn+lvg4SHczUdKlHI5LWBXyqfS8+DufyBsgQ=="
    },
    "node_modules/@types/scheduler": {},
    "node_modules/dotenv": {
      "version": "16.0.3",
      "resolved": "https://registry.npmjs.org/dotenv/-/dotenv-16.0.3.tgz",
      "integrity": "sha512-7GO6HghkA5fYG9TYnNxi14/7K9f5occMlp3zXAuSxn7CKCxt9xbNWG7yF8hTCSUchlfWSe3uLmlPfigevRItzQ==",
      "engines": {
        "node": ">=12"
      }
    },
    "node_modules/hoist-non-react-statics": {
      "version": "3.3.2",
      "resolved": "https://registry.npmjs.org/hoist-non-react-statics/-/hoist-non-react-statics-3.3.2.tgz",
      "integrity": "sha512-/gGivxi8JPKWNm/W0jSmzcMPpfpPLc3dY/6GxhX2hQ9iGj3aDfklV4ET7NjKpSinLpJ5vafa9iiGIEZg10SfBw==",
      "dependencies": {
        "react-is": "^16.7.0"
      }
    },
    "node_modules/hoist-non-react-statics/node_modules/react-is": {
      "version": "16.13.1",
      "resolved": "https://registry.npmjs.org/react-is/-/react-is-16.13.1.tgz",
      "integrity": "sha512-24e6ynE2H+OKt4kqsOvNd8kBpV65zoxbA4BVsEOB3ARVWQki/DHzaUoC5KuON/BiccDaCCTZBuOcfZs70kR8bQ=="
    },
    "node_modules/intl-messageformat": {
      "version": "10.3.4",
      "resolved": "https://registry.npmjs.org/intl-messageformat/-/intl-messageformat-10.3.4.tgz",
      "integrity": "sha512-/FxUIrlbPtuykSNX85CB5sp2FjLVeTmdD7TfRkVFPft2n4FgcSlAcilFytYiFAEmPHc+0PvpLCIPXeaGFzIvOg==",
      "dependencies": {
        "@formatjs/ecma402-abstract": "1.14.3",
        "@formatjs/fast-memoize": "2.0.1",
        "@formatjs/icu-messageformat-parser": "2.3.1",
        "tslib": "^2.4.0"
      }
    },
    "node_modules/intl-messageformat/node_modules/@formatjs/fast-memoize": {
      "version": "2.0.1",
      "resolved": "https://registry.npmjs.org/@formatjs/fast-memoize/-/fast-memoize-2.0.1.tgz",
      "integrity": "sha512-M2GgV+qJn5WJQAYewz7q2Cdl6fobQa69S1AzSM2y0P68ZDbK5cWrJIcPCO395Of1ksftGZoOt4LYCO/j9BKBSA==",
      "dependencies": {
        "tslib": "^2.4.0"
      }
    },
    "node_modules/loose-envify": {
      "version": "1.4.0",
      "resolved": "https://registry.npmjs.org/loose-envify/-/loose-envify-1.4.0.tgz",
      "integrity": "sha512-lyuxPGr/Wfhrlem2CL/UcnUc1zcqKAImBDzukY7Y5F/yQiNdko6+fRLevlw1HgMySw7f611UIY408EtxRSoK3Q==",
      "dependencies": {
        "js-tokens": "^3.0.0 || ^4.0.0"
      },
      "bin": {
        "loose-envify": "cli.js"
      }
    },
    "node_modules/loose-envify/node_modules/js-tokens": {
      "version": "4.0.0",
      "resolved": "https://registry.npmjs.org/js-tokens/-/js-tokens-4.0.0.tgz",
      "integrity": "sha512-RdJUflcE3cUzKiMqQgsCu06FPu9UdIJO0beYbPhHN4k6apgJtifcoCtT9bcxOpYBtpD2kCM6Sbzg4CausW/PKQ=="
    },
    "node_modules/react": {
      "version": "18.2.0",
      "resolved": "https://registry.npmjs.org/react/-/react-18.2.0.tgz",
      "integrity": "sha512-/3IjMdb2L9QbBdWiW5e3P2/npwMBaU9mHCSCUzNln0ZCYbcfTsGbTJrU/kGemdH2IWmB2ioZ+zkxtmq6g09fGQ==",
      "dependencies": {
        "loose-envify": "^1.1.0"
      },
      "engines": {
        "node": ">=0.10.0"
      }
    },
    "node_modules/react-intl": {
      "version": "6.4.1",
      "resolved": "https://registry.npmjs.org/react-intl/-/react-intl-6.4.1.tgz",
      "integrity": "sha512-/aT5595AEMZ+Pjmt8W2R5/ZkYJmyyd6jTzHzqhJ1LnfeG36+N5huBtykxYhHqLc1BrIRQ1fTX1orYC0Ej5ojtg==",
      "dependencies": {
        "@formatjs/ecma402-abstract": "1.14.3",
        "@formatjs/icu-messageformat-parser": "2.3.1",
        "@formatjs/intl": "2.7.1",
        "@formatjs/intl-displaynames": "6.3.1",
        "@formatjs/intl-listformat": "7.2.1",
        "@types/hoist-non-react-statics": "^3.3.1",
        "@types/react": "16 || 17 || 18",
        "hoist-non-react-statics": "^3.3.2",
        "intl-messageformat": "10.3.4",
        "tslib": "^2.4.0"
      },
      "peerDependencies": {
        "react": "^16.6.0 || 17 || 18",
        "typescript": "^4.7 || 5"
      },
      "peerDependenciesMeta": {
        "typescript": {
          "optional": true
        }
      }
    },
    "node_modules/tslib": {
      "version": "2.5.0",
      "resolved": "https://registry.npmjs.org/tslib/-/tslib-2.5.0.tgz",
      "integrity": "sha512-336iVw3rtn2BUK7ORdIAHTyxHGRIHVReokCR3XjbckJMK7ms8FysBfhLR8IXnAgy7T0PTPNBWKiH514FOW/WSg=="
    }
  },
  "dependencies": {
    "@formatjs/ecma402-abstract": {
      "version": "1.14.3",
      "resolved": "https://registry.npmjs.org/@formatjs/ecma402-abstract/-/ecma402-abstract-1.14.3.tgz",
      "integrity": "sha512-SlsbRC/RX+/zg4AApWIFNDdkLtFbkq3LNoZWXZCE/nHVKqoIJyaoQyge/I0Y38vLxowUn9KTtXgusLD91+orbg==",
      "requires": {
        "@formatjs/intl-localematcher": "0.2.32",
        "tslib": "^2.4.0"
      },
      "dependencies": {
        "@formatjs/intl-localematcher": {
          "version": "0.2.32",
          "resolved": "https://registry.npmjs.org/@formatjs/intl-localematcher/-/intl-localematcher-0.2.32.tgz",
          "integrity": "sha512-k/MEBstff4sttohyEpXxCmC3MqbUn9VvHGlZ8fauLzkbwXmVrEeyzS+4uhrvAk9DWU9/7otYWxyDox4nT/KVLQ==",
          "requires": {
            "tslib": "^2.4.0"
          }
        }
      }
    },
    "@formatjs/icu-messageformat-parser": {
      "version": "2.3.1",
      "resolved": "https://registry.npmjs.org/@formatjs/icu-messageformat-parser/-/icu-messageformat-parser-2.3.1.tgz",
      "integrity": "sha512-knF2AkAKN4Upv4oIiKY4Wd/dLH68TNMPgV/tJMu/T6FP9aQwbv8fpj7U3lkyniPaNVxvia56Gxax8MKOjtxLSQ==",
      "requires": {
        "@formatjs/ecma402-abstract": "1.14.3",
        "@formatjs/icu-skeleton-parser": "1.3.18",
        "tslib": "^2.4.0"
      },
      "dependencies": {
        "@formatjs/icu-skeleton-parser": {
          "version": "1.3.18",
          "resolved": "https://registry.npmjs.org/@formatjs/icu-skeleton-parser/-/icu-skeleton-parser-1.3.18.tgz",
          "integrity": "sha512-ND1ZkZfmLPcHjAH1sVpkpQxA+QYfOX3py3SjKWMUVGDow18gZ0WPqz3F+pJLYQMpS2LnnQ5zYR2jPVYTbRwMpg==",
          "requires": {
            "@formatjs/ecma402-abstract": "1.14.3",
            "tslib": "^2.4.0"
          }
        }
      }
    },
    "@formatjs/intl": {
      "version": "2.7.1",
      "resolved": "https://registry.npmjs.org/@formatjs/intl/-/intl-2.7.1.tgz",
      "integrity": "sha512-se6vxidsN3PCmzqTsDd3YDT4IX9ZySPy39LYhF7x2ssNvlGMOuW3umkrIhKkXB7ZskqsJGY53LVCdiHsSwhGng==",
      "requires": {
        "@formatjs/ecma402-abstract": "1.14.3",
        "@formatjs/fast-memoize": "2.0.1",
        "@formatjs/icu-messageformat-parser": "2.3.1",
        "@formatjs/intl-displaynames": "6.3.1",
        "@formatjs/intl-listformat": "7.2.1",
        "intl-messageformat": "10.3.4",
        "tslib": "^2.4.0"
      },
      "dependencies": {
        "@formatjs/fast-memoize": {
          "version": "2.0.1",
          "resolved": "https://registry.npmjs.org/@formatjs/fast-memoize/-/fast-memoize-2.0.1.tgz",
          "integrity": "sha512-M2GgV+qJn5WJQAYewz7q2Cdl6fobQa69S1AzSM2y0P68ZDbK5cWrJIcPCO395Of1ksftGZoOt4LYCO/j9BKBSA==",
          "requires": {
            "tslib": "^2.4.0"
          }
        }
      }
    },
    "@formatjs/intl-displaynames": {
      "version": "6.3.1",
      "resolved": "https://registry.npmjs.org/@formatjs/intl-displaynames/-/intl-displaynames-6.3.1.tgz",
      "integrity": "sha512-TlxguMDUbnFrJ4NA8fSyqXC62M7czvlRJ5mrJgtB91JVA+QPjjNdcRm1qPIC/DcU/pGUDcEzThn/x5A+jp15gg==",
      "requires": {
        "@formatjs/ecma402-abstract": "1.14.3",
        "@formatjs/intl-localematcher": "0.2.32",
        "tslib": "^2.4.0"
      },
      "dependencies": {
        "@formatjs/intl-localematcher": {
          "version": "0.2.32",
          "resolved": "https://registry.npmjs.org/@formatjs/intl-localematcher/-/intl-localematcher-0.2.32.tgz",
          "integrity": "sha512-k/MEBstff4sttohyEpXxCmC3MqbUn9VvHGlZ8fauLzkbwXmVrEeyzS+4uhrvAk9DWU9/7otYWxyDox4nT/KVLQ==",
          "requires": {
            "tslib": "^2.4.0"
          }
        }
      }
    },
    "@formatjs/intl-listformat": {
      "version": "7.2.1",
      "resolved": "https://registry.npmjs.org/@formatjs/intl-listformat/-/intl-listformat-7.2.1.tgz",
      "integrity": "sha512-fRJFWLrGa7d25I4JSxNjKX29oXGcIXx8fJjgURnvs2C3ijS4gurUgFrUwLbv/2KfPfyJ5g567pz2INelNJZBdw==",
      "requires": {
        "@formatjs/ecma402-abstract": "1.14.3",
        "@formatjs/intl-localematcher": "0.2.32",
        "tslib": "^2.4.0"
      },
      "dependencies": {
        "@formatjs/intl-localematcher": {
          "version": "0.2.32",
          "resolved": "https://registry.npmjs.org/@formatjs/intl-localematcher/-/intl-localematcher-0.2.32.tgz",
          "integrity": "sha512-k/MEBstff4sttohyEpXxCmC3MqbUn9VvHGlZ8fauLzkbwXmVrEeyzS+4uhrvAk9DWU9/7otYWxyDox4nT/KVLQ==",
          "requires": {
            "tslib": "^2.4.0"
          }
        }
      }
    },
    "@types/hoist-non-react-statics": {
      "version": "3.3.1",
      "resolved": "https://registry.npmjs.org/@types/hoist-non-react-statics/-/hoist-non-react-statics-3.3.1.tgz",
      "integrity": "sha512-iMIqiko6ooLrTh1joXodJK5X9xeEALT1kM5G3ZLhD3hszxBdIEd5C75U834D9mLcINgD4OyZf5uQXjkuYydWvA==",
      "requires": {
        "@types/react": "*",
        "hoist-non-react-statics": "^3.3.0"
      }
    },
    "@types/prop-types": {},
    "@types/react": {
      "version": "18.0.38",
      "resolved": "https://registry.npmjs.org/@types/react/-/react-18.0.38.tgz",
      "integrity": "sha512-ExsidLLSzYj4cvaQjGnQCk4HFfVT9+EZ9XZsQ8Hsrcn8QNgXtpZ3m9vSIC2MWtx7jHictK6wYhQgGh6ic58oOw==",
      "requires": {
        "@types/prop-types": "*",
        "@types/scheduler": "*",
        "csstype": "^3.0.2"
      },
      "dependencies": {
        "csstype": {
          "version": "3.1.2",
          "resolved": "https://registry.npmjs.org/csstype/-/csstype-3.1.2.tgz",
          "integrity": "sha512-I7K1Uu0MBPzaFKg4nI5Q7Vs2t+3gWWW648spaF+Rg7pI9ds18Ugn+lvg4SHczUdKlHI5LWBXyqfS8+DufyBsgQ=="
        }
      }
    },
    "@types/scheduler": {},
    "dotenv": {
      "version": "16.0.3",
      "resolved": "https://registry.npmjs.org/dotenv/-/dotenv-16.0.3.tgz",
      "integrity": "sha512-7GO6HghkA5fYG9TYnNxi14/7K9f5occMlp3zXAuSxn7CKCxt9xbNWG7yF8hTCSUchlfWSe3uLmlPfigevRItzQ=="
    },
    "hoist-non-react-statics": {
      "version": "3.3.2",
      "resolved": "https://registry.npmjs.org/hoist-non-react-statics/-/hoist-non-react-statics-3.3.2.tgz",
      "integrity": "sha512-/gGivxi8JPKWNm/W0jSmzcMPpfpPLc3dY/6GxhX2hQ9iGj3aDfklV4ET7NjKpSinLpJ5vafa9iiGIEZg10SfBw==",
      "requires": {
        "react-is": "^16.7.0"
      },
      "dependencies": {
        "react-is": {
          "version": "16.13.1",
          "resolved": "https://registry.npmjs.org/react-is/-/react-is-16.13.1.tgz",
          "integrity": "sha512-24e6ynE2H+OKt4kqsOvNd8kBpV65zoxbA4BVsEOB3ARVWQki/DHzaUoC5KuON/BiccDaCCTZBuOcfZs70kR8bQ=="
        }
      }
    },
    "intl-messageformat": {
      "version": "10.3.4",
      "resolved": "https://registry.npmjs.org/intl-messageformat/-/intl-messageformat-10.3.4.tgz",
      "integrity": "sha512-/FxUIrlbPtuykSNX85CB5sp2FjLVeTmdD7TfRkVFPft2n4FgcSlAcilFytYiFAEmPHc+0PvpLCIPXeaGFzIvOg==",
      "requires": {
        "@formatjs/ecma402-abstract": "1.14.3",
        "@formatjs/fast-memoize": "2.0.1",
        "@formatjs/icu-messageformat-parser": "2.3.1",
        "tslib": "^2.4.0"
      },
      "dependencies": {
        "@formatjs/fast-memoize": {
          "version": "2.0.1",
          "resolved": "https://registry.npmjs.org/@formatjs/fast-memoize/-/fast-memoize-2.0.1.tgz",
          "integrity": "sha512-M2GgV+qJn5WJQAYewz7q2Cdl6fobQa69S1AzSM2y0P68ZDbK5cWrJIcPCO395Of1ksftGZoOt4LYCO/j9BKBSA==",
          "requires": {
            "tslib": "^2.4.0"
          }
        }
      }
    },
    "loose-envify": {
      "version": "1.4.0",
      "resolved": "https://registry.npmjs.org/loose-envify/-/loose-envify-1.4.0.tgz",
      "integrity": "sha512-lyuxPGr/Wfhrlem2CL/UcnUc1zcqKAImBDzukY7Y5F/yQiNdko6+fRLevlw1HgMySw7f611UIY408EtxRSoK3Q==",
      "requires": {
        "js-tokens": "^3.0.0 || ^4.0.0"
      },
      "dependencies": {
        "js-tokens": {
          "version": "4.0.0",
          "resolved": "https://registry.npmjs.org/js-tokens/-/js-tokens-4.0.0.tgz",
          "integrity": "sha512-RdJUflcE3cUzKiMqQgsCu06FPu9UdIJO0beYbPhHN4k6apgJtifcoCtT9bcxOpYBtpD2kCM6Sbzg4CausW/PKQ=="
        }
      }
    },
    "react": {
      "version": "18.2.0",
      "resolved": "https://registry.npmjs.org/react/-/react-18.2.0.tgz",
      "integrity": "sha512-/3IjMdb2L9QbBdWiW5e3P2/npwMBaU9mHCSCUzNln0ZCYbcfTsGbTJrU/kGemdH2IWmB2ioZ+zkxtmq6g09fGQ==",
      "requires": {
        "loose-envify": "^1.1.0"
      }
    },
    "react-intl": {
      "version": "6.4.1",
      "resolved": "https://registry.npmjs.org/react-intl/-/react-intl-6.4.1.tgz",
      "integrity": "sha512-/aT5595AEMZ+Pjmt8W2R5/ZkYJmyyd6jTzHzqhJ1LnfeG36+N5huBtykxYhHqLc1BrIRQ1fTX1orYC0Ej5ojtg==",
      "requires": {
        "@formatjs/ecma402-abstract": "1.14.3",
        "@formatjs/icu-messageformat-parser": "2.3.1",
        "@formatjs/intl": "2.7.1",
        "@formatjs/intl-displaynames": "6.3.1",
        "@formatjs/intl-listformat": "7.2.1",
        "@types/hoist-non-react-statics": "^3.3.1",
        "@types/react": "16 || 17 || 18",
        "hoist-non-react-statics": "^3.3.2",
        "intl-messageformat": "10.3.4",
        "tslib": "^2.4.0"
      }
    },
    "tslib": {
      "version": "2.5.0",
      "resolved": "https://registry.npmjs.org/tslib/-/tslib-2.5.0.tgz",
      "integrity": "sha512-336iVw3rtn2BUK7ORdIAHTyxHGRIHVReokCR3XjbckJMK7ms8FysBfhLR8IXnAgy7T0PTPNBWKiH514FOW/WSg=="
    }
  }
}
